
Microsoft Visual Studio Solution File, Format Version 12.00
# Visual Studio Version 16
VisualStudioVersion = 16.0.809.5
MinimumVisualStudioVersion = 10.0.40219.1
Project("{FAE04EC0-301F-11D3-BF4B-00C04F79EFBC}") = "introductionToXamarinForms.Android", "introductionToXamarinForms.Android\introductionToXamarinForms.Android.csproj", "{CA342A76-F1FC-4874-B17B-BE15984B37C1}"
EndProject
Project("{FAE04EC0-301F-11D3-BF4B-00C04F79EFBC}") = "introductionToXamarinForms.iOS", "introductionToXamarinForms.iOS\introductionToXamarinForms.iOS.csproj", "{B72D8589-6C29-487C-8498-693992F27F1B}"
EndProject
Project("{FAE04EC0-301F-11D3-BF4B-00C04F79EFBC}") = "introductionToXamarinForms", "introductionToXamarinForms\introductionToXamarinForms.csproj", "{E2ABA7B8-A952-4A74-B1EC-271BDB3896BF}"
EndProject
Global
	GlobalSection(SolutionConfigurationPlatforms) = preSolution
		Debug|Any CPU = Debug|Any CPU
		Release|Any CPU = Release|Any CPU
		Debug|iPhoneSimulator = Debug|iPhoneSimulator
		Release|iPhoneSimulator = Release|iPhoneSimulator
		Debug|iPhone = Debug|iPhone
		Release|iPhone = Release|iPhone
	EndGlobalSection
	GlobalSection(ProjectConfigurationPlatforms) = postSolution
		{CA342A76-F1FC-4874-B17B-BE15984B37C1}.Debug|Any CPU.ActiveCfg = Debug|Any CPU
		{CA342A76-F1FC-4874-B17B-BE15984B37C1}.Debug|Any CPU.Build.0 = Debug|Any CPU
		{CA342A76-F1FC-4874-B17B-BE15984B37C1}.Release|Any CPU.ActiveCfg = Release|Any CPU
		{CA342A76-F1FC-4874-B17B-BE15984B37C1}.Release|Any CPU.Build.0 = Release|Any CPU
		{CA342A76-F1FC-4874-B17B-BE15984B37C1}.Debug|iPhoneSimulator.ActiveCfg = Debug|Any CPU
		{CA342A76-F1FC-4874-B17B-BE15984B37C1}.Debug|iPhoneSimulator.Build.0 = Debug|Any CPU
		{CA342A76-F1FC-4874-B17B-BE15984B37C1}.Release|iPhoneSimulator.ActiveCfg = Release|Any CPU
		{CA342A76-F1FC-4874-B17B-BE15984B37C1}.Release|iPhoneSimulator.Build.0 = Release|Any CPU
		{CA342A76-F1FC-4874-B17B-BE15984B37C1}.Debug|iPhone.ActiveCfg = Debug|Any CPU
		{CA342A76-F1FC-4874-B17B-BE15984B37C1}.Debug|iPhone.Build.0 = Debug|Any CPU
		{CA342A76-F1FC-4874-B17B-BE15984B37C1}.Release|iPhone.ActiveCfg = Release|Any CPU
		{CA342A76-F1FC-4874-B17B-BE15984B37C1}.Release|iPhone.Build.0 = Release|Any CPU
		{B72D8589-6C29-487C-8498-693992F27F1B}.Debug|Any CPU.ActiveCfg = Debug|iPhoneSimulator
		{B72D8589-6C29-487C-8498-693992F27F1B}.Debug|Any CPU.Build.0 = Debug|iPhoneSimulator
		{B72D8589-6C29-487C-8498-693992F27F1B}.Release|Any CPU.ActiveCfg = Release|iPhoneSimulator
		{B72D8589-6C29-487C-8498-693992F27F1B}.Release|Any CPU.Build.0 = Release|iPhoneSimulator
		{B72D8589-6C29-487C-8498-693992F27F1B}.Debug|iPhoneSimulator.ActiveCfg = Debug|iPhoneSimulator
		{B72D8589-6C29-487C-8498-693992F27F1B}.Debug|iPhoneSimulator.Build.0 = Debug|iPhoneSimulator
		{B72D8589-6C29-487C-8498-693992F27F1B}.Release|iPhoneSimulator.ActiveCfg = Release|iPhoneSimulator
		{B72D8589-6C29-487C-8498-693992F27F1B}.Release|iPhoneSimulator.Build.0 = Release|iPhoneSimulator
		{B72D8589-6C29-487C-8498-693992F27F1B}.Debug|iPhone.ActiveCfg = Debug|iPhone
		{B72D8589-6C29-487C-8498-693992F27F1B}.Debug|iPhone.Build.0 = Debug|iPhone
		{B72D8589-6C29-487C-8498-693992F27F1B}.Release|iPhone.ActiveCfg = Release|iPhone
		{B72D8589-6C29-487C-8498-693992F27F1B}.Release|iPhone.Build.0 = Release|iPhone
		{E2ABA7B8-A952-4A74-B1EC-271BDB3896BF}.Debug|Any CPU.ActiveCfg = Debug|Any CPU
		{E2ABA7B8-A952-4A74-B1EC-271BDB3896BF}.Debug|Any CPU.Build.0 = Debug|Any CPU
		{E2ABA7B8-A952-4A74-B1EC-271BDB3896BF}.Release|Any CPU.ActiveCfg = Release|Any CPU
		{E2ABA7B8-A952-4A74-B1EC-271BDB3896BF}.Release|Any CPU.Build.0 = Release|Any CPU
		{E2ABA7B8-A952-4A74-B1EC-271BDB3896BF}.Debug|iPhoneSimulator.ActiveCfg = Debug|Any CPU
		{E2ABA7B8-A952-4A74-B1EC-271BDB3896BF}.Debug|iPhoneSimulator.Build.0 = Debug|Any CPU
		{E2ABA7B8-A952-4A74-B1EC-271BDB3896BF}.Release|iPhoneSimulator.ActiveCfg = Release|Any CPU
		{E2ABA7B8-A952-4A74-B1EC-271BDB3896BF}.Release|iPhoneSimulator.Build.0 = Release|Any CPU
		{E2ABA7B8-A952-4A74-B1EC-271BDB3896BF}.Debug|iPhone.ActiveCfg = Debug|Any CPU
		{E2ABA7B8-A952-4A74-B1EC-271BDB3896BF}.Debug|iPhone.Build.0 = Debug|Any CPU
		{E2ABA7B8-A952-4A74-B1EC-271BDB3896BF}.Release|iPhone.ActiveCfg = Release|Any CPU
		{E2ABA7B8-A952-4A74-B1EC-271BDB3896BF}.Release|iPhone.Build.0 = Release|Any CPU
	EndGlobalSection
	GlobalSection(SolutionProperties) = preSolution
		HideSolutionNode = FALSE
	EndGlobalSection
	GlobalSection(ExtensibilityGlobals) = postSolution
		SolutionGuid = {35846662-E15D-48EF-A026-32F8F7262B80}
	EndGlobalSection
EndGlobal
